
Microsoft Visual Studio Solution File, Format Version 12.00
# Visual Studio Version 17
VisualStudioVersion = 17.8.34511.84
MinimumVisualStudioVersion = 10.0.40219.1
Project("{FAE04EC0-301F-11D3-BF4B-00C04F79EFBC}") = "Clic", "Clic\Clic.csproj", "{F83EC6DE-2E6F-47BA-A88B-AE4C4BAEDE9C}"
EndProject
Global
	GlobalSection(SolutionConfigurationPlatforms) = preSolution
		Debug|Any CPU = Debug|Any CPU
		Release|Any CPU = Release|Any CPU
	EndGlobalSection
	GlobalSection(ProjectConfigurationPlatforms) = postSolution
		{F83EC6DE-2E6F-47BA-A88B-AE4C4BAEDE9C}.Debug|Any CPU.ActiveCfg = Debug|Any CPU
		{F83EC6DE-2E6F-47BA-A88B-AE4C4BAEDE9C}.Debug|Any CPU.Build.0 = Debug|Any CPU
		{F83EC6DE-2E6F-47BA-A88B-AE4C4BAEDE9C}.Release|Any CPU.ActiveCfg = Release|Any CPU
		{F83EC6DE-2E6F-47BA-A88B-AE4C4BAEDE9C}.Release|Any CPU.Build.0 = Release|Any CPU
	EndGlobalSection
	GlobalSection(SolutionProperties) = preSolution
		HideSolutionNode = FALSE
	EndGlobalSection
	GlobalSection(ExtensibilityGlobals) = postSolution
		SolutionGuid = {DA4B6151-EBB3-4F5A-BAEB-6997628BA7CC}
	EndGlobalSection
EndGlobal
